
Microsoft Visual Studio Solution File, Format Version 12.00
# Visual Studio Version 17
VisualStudioVersion = 17.14.36327.8
MinimumVisualStudioVersion = 10.0.40219.1
Project("{FAE04EC0-301F-11D3-BF4B-00C04F79EFBC}") = "Ereoz.Abstractions", "Ereoz.Abstractions\Ereoz.Abstractions.csproj", "{DE6818C6-FA6E-FC83-6470-C1DC36DD174C}"
EndProject
Global
	GlobalSection(SolutionConfigurationPlatforms) = preSolution
		Debug|Any CPU = Debug|Any CPU
		Release|Any CPU = Release|Any CPU
	EndGlobalSection
	GlobalSection(ProjectConfigurationPlatforms) = postSolution
		{DE6818C6-FA6E-FC83-6470-C1DC36DD174C}.Debug|Any CPU.ActiveCfg = Debug|Any CPU
		{DE6818C6-FA6E-FC83-6470-C1DC36DD174C}.Debug|Any CPU.Build.0 = Debug|Any CPU
		{DE6818C6-FA6E-FC83-6470-C1DC36DD174C}.Release|Any CPU.ActiveCfg = Release|Any CPU
		{DE6818C6-FA6E-FC83-6470-C1DC36DD174C}.Release|Any CPU.Build.0 = Release|Any CPU
	EndGlobalSection
	GlobalSection(SolutionProperties) = preSolution
		HideSolutionNode = FALSE
	EndGlobalSection
	GlobalSection(ExtensibilityGlobals) = postSolution
		SolutionGuid = {9DFD1710-8CE1-4CFA-A08D-F22665F805DB}
	EndGlobalSection
EndGlobal
